
Microsoft Visual Studio Solution File, Format Version 12.00
# Visual Studio Version 17
VisualStudioVersion = 17.13.35806.99 d17.13
MinimumVisualStudioVersion = 10.0.40219.1
Project("{FAE04EC0-301F-11D3-BF4B-00C04F79EFBC}") = "ViewModelASPCore", "ViewModelASPCore\ViewModelASPCore.csproj", "{1CAD97DD-C25A-4BFA-A51D-C2EDF58D4931}"
EndProject
Global
	GlobalSection(SolutionConfigurationPlatforms) = preSolution
		Debug|Any CPU = Debug|Any CPU
		Release|Any CPU = Release|Any CPU
	EndGlobalSection
	GlobalSection(ProjectConfigurationPlatforms) = postSolution
		{1CAD97DD-C25A-4BFA-A51D-C2EDF58D4931}.Debug|Any CPU.ActiveCfg = Debug|Any CPU
		{1CAD97DD-C25A-4BFA-A51D-C2EDF58D4931}.Debug|Any CPU.Build.0 = Debug|Any CPU
		{1CAD97DD-C25A-4BFA-A51D-C2EDF58D4931}.Release|Any CPU.ActiveCfg = Release|Any CPU
		{1CAD97DD-C25A-4BFA-A51D-C2EDF58D4931}.Release|Any CPU.Build.0 = Release|Any CPU
	EndGlobalSection
	GlobalSection(SolutionProperties) = preSolution
		HideSolutionNode = FALSE
	EndGlobalSection
	GlobalSection(ExtensibilityGlobals) = postSolution
		SolutionGuid = {03D0EA5C-6B35-4A1D-854D-4AEE8FC9D367}
	EndGlobalSection
EndGlobal
