
Microsoft Visual Studio Solution File, Format Version 12.00
# Visual Studio Version 17
VisualStudioVersion = 17.13.35806.99 d17.13
MinimumVisualStudioVersion = 10.0.40219.1
Project("{FAE04EC0-301F-11D3-BF4B-00C04F79EFBC}") = "PartialViewASPCore", "PartialViewASPCore\PartialViewASPCore.csproj", "{D64400EC-F4E5-4D6C-A45B-C8A9BFB00ADF}"
EndProject
Global
	GlobalSection(SolutionConfigurationPlatforms) = preSolution
		Debug|Any CPU = Debug|Any CPU
		Release|Any CPU = Release|Any CPU
	EndGlobalSection
	GlobalSection(ProjectConfigurationPlatforms) = postSolution
		{D64400EC-F4E5-4D6C-A45B-C8A9BFB00ADF}.Debug|Any CPU.ActiveCfg = Debug|Any CPU
		{D64400EC-F4E5-4D6C-A45B-C8A9BFB00ADF}.Debug|Any CPU.Build.0 = Debug|Any CPU
		{D64400EC-F4E5-4D6C-A45B-C8A9BFB00ADF}.Release|Any CPU.ActiveCfg = Release|Any CPU
		{D64400EC-F4E5-4D6C-A45B-C8A9BFB00ADF}.Release|Any CPU.Build.0 = Release|Any CPU
	EndGlobalSection
	GlobalSection(SolutionProperties) = preSolution
		HideSolutionNode = FALSE
	EndGlobalSection
	GlobalSection(ExtensibilityGlobals) = postSolution
		SolutionGuid = {B20C69E4-9711-4173-B51E-1F18CF523A92}
	EndGlobalSection
EndGlobal
