
Microsoft Visual Studio Solution File, Format Version 12.00
# Visual Studio Version 17
VisualStudioVersion = 17.13.35806.99 d17.13
MinimumVisualStudioVersion = 10.0.40219.1
Project("{FAE04EC0-301F-11D3-BF4B-00C04F79EFBC}") = "LoginFormASPCore", "LoginFormASPCore\LoginFormASPCore.csproj", "{611D7B7D-2129-4472-935F-5440D8FCC979}"
EndProject
Global
	GlobalSection(SolutionConfigurationPlatforms) = preSolution
		Debug|Any CPU = Debug|Any CPU
		Release|Any CPU = Release|Any CPU
	EndGlobalSection
	GlobalSection(ProjectConfigurationPlatforms) = postSolution
		{611D7B7D-2129-4472-935F-5440D8FCC979}.Debug|Any CPU.ActiveCfg = Debug|Any CPU
		{611D7B7D-2129-4472-935F-5440D8FCC979}.Debug|Any CPU.Build.0 = Debug|Any CPU
		{611D7B7D-2129-4472-935F-5440D8FCC979}.Release|Any CPU.ActiveCfg = Release|Any CPU
		{611D7B7D-2129-4472-935F-5440D8FCC979}.Release|Any CPU.Build.0 = Release|Any CPU
	EndGlobalSection
	GlobalSection(SolutionProperties) = preSolution
		HideSolutionNode = FALSE
	EndGlobalSection
	GlobalSection(ExtensibilityGlobals) = postSolution
		SolutionGuid = {0FB254FF-6F16-4E63-B262-A455D63D6C50}
	EndGlobalSection
EndGlobal
