
Microsoft Visual Studio Solution File, Format Version 12.00
# Visual Studio Version 17
VisualStudioVersion = 17.13.35806.99 d17.13
MinimumVisualStudioVersion = 10.0.40219.1
Project("{FAE04EC0-301F-11D3-BF4B-00C04F79EFBC}") = "ASPIdentityApp", "ASPIdentityApp\ASPIdentityApp.csproj", "{28B76AFC-44D7-4C7D-9A70-4BA2A0D78EEB}"
EndProject
Global
	GlobalSection(SolutionConfigurationPlatforms) = preSolution
		Debug|Any CPU = Debug|Any CPU
		Release|Any CPU = Release|Any CPU
	EndGlobalSection
	GlobalSection(ProjectConfigurationPlatforms) = postSolution
		{28B76AFC-44D7-4C7D-9A70-4BA2A0D78EEB}.Debug|Any CPU.ActiveCfg = Debug|Any CPU
		{28B76AFC-44D7-4C7D-9A70-4BA2A0D78EEB}.Debug|Any CPU.Build.0 = Debug|Any CPU
		{28B76AFC-44D7-4C7D-9A70-4BA2A0D78EEB}.Release|Any CPU.ActiveCfg = Release|Any CPU
		{28B76AFC-44D7-4C7D-9A70-4BA2A0D78EEB}.Release|Any CPU.Build.0 = Release|Any CPU
	EndGlobalSection
	GlobalSection(SolutionProperties) = preSolution
		HideSolutionNode = FALSE
	EndGlobalSection
	GlobalSection(ExtensibilityGlobals) = postSolution
		SolutionGuid = {2864EC5C-A231-4ACD-9992-BDC7CF7CABEC}
	EndGlobalSection
EndGlobal
