
Microsoft Visual Studio Solution File, Format Version 12.00
# Visual Studio Version 17
VisualStudioVersion = 17.13.35806.99 d17.13
MinimumVisualStudioVersion = 10.0.40219.1
Project("{FAE04EC0-301F-11D3-BF4B-00C04F79EFBC}") = "DDLASPCore", "DDLASPCore\DDLASPCore.csproj", "{21253E36-23E2-482E-ACDF-A88CEA8E7D18}"
EndProject
Global
	GlobalSection(SolutionConfigurationPlatforms) = preSolution
		Debug|Any CPU = Debug|Any CPU
		Release|Any CPU = Release|Any CPU
	EndGlobalSection
	GlobalSection(ProjectConfigurationPlatforms) = postSolution
		{21253E36-23E2-482E-ACDF-A88CEA8E7D18}.Debug|Any CPU.ActiveCfg = Debug|Any CPU
		{21253E36-23E2-482E-ACDF-A88CEA8E7D18}.Debug|Any CPU.Build.0 = Debug|Any CPU
		{21253E36-23E2-482E-ACDF-A88CEA8E7D18}.Release|Any CPU.ActiveCfg = Release|Any CPU
		{21253E36-23E2-482E-ACDF-A88CEA8E7D18}.Release|Any CPU.Build.0 = Release|Any CPU
	EndGlobalSection
	GlobalSection(SolutionProperties) = preSolution
		HideSolutionNode = FALSE
	EndGlobalSection
	GlobalSection(ExtensibilityGlobals) = postSolution
		SolutionGuid = {828BF173-312C-41E4-9C76-9D2C51032DC4}
	EndGlobalSection
EndGlobal
